
Microsoft Visual Studio Solution File, Format Version 12.00
# Visual Studio Version 17
VisualStudioVersion = 17.14.36518.9 d17.14
MinimumVisualStudioVersion = 10.0.40219.1
Project("{FAE04EC0-301F-11D3-BF4B-00C04F79EFBC}") = "BonusBerekening", "BonusBerekening\BonusBerekening.csproj", "{9E33F0B6-69D9-4205-8FB1-EB47EE107BDC}"
EndProject
Global
	GlobalSection(SolutionConfigurationPlatforms) = preSolution
		Debug|Any CPU = Debug|Any CPU
		Release|Any CPU = Release|Any CPU
	EndGlobalSection
	GlobalSection(ProjectConfigurationPlatforms) = postSolution
		{9E33F0B6-69D9-4205-8FB1-EB47EE107BDC}.Debug|Any CPU.ActiveCfg = Debug|Any CPU
		{9E33F0B6-69D9-4205-8FB1-EB47EE107BDC}.Debug|Any CPU.Build.0 = Debug|Any CPU
		{9E33F0B6-69D9-4205-8FB1-EB47EE107BDC}.Release|Any CPU.ActiveCfg = Release|Any CPU
		{9E33F0B6-69D9-4205-8FB1-EB47EE107BDC}.Release|Any CPU.Build.0 = Release|Any CPU
	EndGlobalSection
	GlobalSection(SolutionProperties) = preSolution
		HideSolutionNode = FALSE
	EndGlobalSection
	GlobalSection(ExtensibilityGlobals) = postSolution
		SolutionGuid = {837D98CE-395D-42A2-A791-7C06ED10F407}
	EndGlobalSection
EndGlobal
